
Microsoft Visual Studio Solution File, Format Version 12.00
# Visual Studio 2010
Project("{FAE04EC0-301F-11D3-BF4B-00C04F79EFBC}") = "InventoryModel", "InventoryModel\InventoryModel.csproj", "{4A1AF25D-B2BE-41A0-B8E4-DAB6FACA2A8F}"
EndProject
Project("{FAE04EC0-301F-11D3-BF4B-00C04F79EFBC}") = "InventoryView", "InventoryView\InventoryView.csproj", "{9E77BAC1-3B94-48F9-A3FE-C3349FE3F38A}"
EndProject
Project("{FAE04EC0-301F-11D3-BF4B-00C04F79EFBC}") = "InventoryActivationKey", "InventoryActivationKey\InventoryActivationKey.csproj", "{9EDEDB71-0FA3-4266-9EFE-7E34B51B9CEA}"
EndProject
Global
	GlobalSection(SolutionConfigurationPlatforms) = preSolution
		Debug|Any CPU = Debug|Any CPU
		Debug|Mixed Platforms = Debug|Mixed Platforms
		Debug|x86 = Debug|x86
		Release|Any CPU = Release|Any CPU
		Release|Mixed Platforms = Release|Mixed Platforms
		Release|x86 = Release|x86
	EndGlobalSection
	GlobalSection(ProjectConfigurationPlatforms) = postSolution
		{4A1AF25D-B2BE-41A0-B8E4-DAB6FACA2A8F}.Debug|Any CPU.ActiveCfg = Debug|Any CPU
		{4A1AF25D-B2BE-41A0-B8E4-DAB6FACA2A8F}.Debug|Any CPU.Build.0 = Debug|Any CPU
		{4A1AF25D-B2BE-41A0-B8E4-DAB6FACA2A8F}.Debug|Mixed Platforms.ActiveCfg = Debug|Any CPU
		{4A1AF25D-B2BE-41A0-B8E4-DAB6FACA2A8F}.Debug|Mixed Platforms.Build.0 = Debug|Any CPU
		{4A1AF25D-B2BE-41A0-B8E4-DAB6FACA2A8F}.Debug|x86.ActiveCfg = Debug|Any CPU
		{4A1AF25D-B2BE-41A0-B8E4-DAB6FACA2A8F}.Release|Any CPU.ActiveCfg = Release|Any CPU
		{4A1AF25D-B2BE-41A0-B8E4-DAB6FACA2A8F}.Release|Any CPU.Build.0 = Release|Any CPU
		{4A1AF25D-B2BE-41A0-B8E4-DAB6FACA2A8F}.Release|Mixed Platforms.ActiveCfg = Release|Any CPU
		{4A1AF25D-B2BE-41A0-B8E4-DAB6FACA2A8F}.Release|Mixed Platforms.Build.0 = Release|Any CPU
		{4A1AF25D-B2BE-41A0-B8E4-DAB6FACA2A8F}.Release|x86.ActiveCfg = Release|Any CPU
		{9E77BAC1-3B94-48F9-A3FE-C3349FE3F38A}.Debug|Any CPU.ActiveCfg = Debug|x86
		{9E77BAC1-3B94-48F9-A3FE-C3349FE3F38A}.Debug|Mixed Platforms.ActiveCfg = Debug|x86
		{9E77BAC1-3B94-48F9-A3FE-C3349FE3F38A}.Debug|Mixed Platforms.Build.0 = Debug|x86
		{9E77BAC1-3B94-48F9-A3FE-C3349FE3F38A}.Debug|x86.ActiveCfg = Debug|x86
		{9E77BAC1-3B94-48F9-A3FE-C3349FE3F38A}.Debug|x86.Build.0 = Debug|x86
		{9E77BAC1-3B94-48F9-A3FE-C3349FE3F38A}.Release|Any CPU.ActiveCfg = Release|x86
		{9E77BAC1-3B94-48F9-A3FE-C3349FE3F38A}.Release|Mixed Platforms.ActiveCfg = Release|x86
		{9E77BAC1-3B94-48F9-A3FE-C3349FE3F38A}.Release|Mixed Platforms.Build.0 = Release|x86
		{9E77BAC1-3B94-48F9-A3FE-C3349FE3F38A}.Release|x86.ActiveCfg = Release|x86
		{9E77BAC1-3B94-48F9-A3FE-C3349FE3F38A}.Release|x86.Build.0 = Release|x86
		{9EDEDB71-0FA3-4266-9EFE-7E34B51B9CEA}.Debug|Any CPU.ActiveCfg = Debug|x86
		{9EDEDB71-0FA3-4266-9EFE-7E34B51B9CEA}.Debug|Mixed Platforms.ActiveCfg = Debug|x86
		{9EDEDB71-0FA3-4266-9EFE-7E34B51B9CEA}.Debug|Mixed Platforms.Build.0 = Debug|x86
		{9EDEDB71-0FA3-4266-9EFE-7E34B51B9CEA}.Debug|x86.ActiveCfg = Debug|x86
		{9EDEDB71-0FA3-4266-9EFE-7E34B51B9CEA}.Debug|x86.Build.0 = Debug|x86
		{9EDEDB71-0FA3-4266-9EFE-7E34B51B9CEA}.Release|Any CPU.ActiveCfg = Release|x86
		{9EDEDB71-0FA3-4266-9EFE-7E34B51B9CEA}.Release|Mixed Platforms.ActiveCfg = Release|x86
		{9EDEDB71-0FA3-4266-9EFE-7E34B51B9CEA}.Release|Mixed Platforms.Build.0 = Release|x86
		{9EDEDB71-0FA3-4266-9EFE-7E34B51B9CEA}.Release|x86.ActiveCfg = Release|x86
		{9EDEDB71-0FA3-4266-9EFE-7E34B51B9CEA}.Release|x86.Build.0 = Release|x86
	EndGlobalSection
	GlobalSection(SolutionProperties) = preSolution
		HideSolutionNode = FALSE
	EndGlobalSection
EndGlobal
